
Microsoft Visual Studio Solution File, Format Version 12.00
# Visual Studio Version 17
VisualStudioVersion = 17.0.32112.339
MinimumVisualStudioVersion = 10.0.40219.1
Project("{FAE04EC0-301F-11D3-BF4B-00C04F79EFBC}") = "LeetCode", "LeetCode\LeetCode.csproj", "{C3B3345A-1B0B-4857-9746-A1D11F0F84B8}"
EndProject
Global
	GlobalSection(SolutionConfigurationPlatforms) = preSolution
		Debug|Any CPU = Debug|Any CPU
		Release|Any CPU = Release|Any CPU
	EndGlobalSection
	GlobalSection(ProjectConfigurationPlatforms) = postSolution
		{C3B3345A-1B0B-4857-9746-A1D11F0F84B8}.Debug|Any CPU.ActiveCfg = Debug|Any CPU
		{C3B3345A-1B0B-4857-9746-A1D11F0F84B8}.Debug|Any CPU.Build.0 = Debug|Any CPU
		{C3B3345A-1B0B-4857-9746-A1D11F0F84B8}.Release|Any CPU.ActiveCfg = Release|Any CPU
		{C3B3345A-1B0B-4857-9746-A1D11F0F84B8}.Release|Any CPU.Build.0 = Release|Any CPU
	EndGlobalSection
	GlobalSection(SolutionProperties) = preSolution
		HideSolutionNode = FALSE
	EndGlobalSection
	GlobalSection(ExtensibilityGlobals) = postSolution
		SolutionGuid = {681145EF-934F-4F38-ADF6-0475B43AE405}
	EndGlobalSection
EndGlobal
